{
  "version": "3",
  "packages": {
    "specifiers": {
      "jsr:@littletof/charmd": "jsr:@littletof/charmd@0.1.2",
      "jsr:@std/assert": "jsr:@std/assert@0.221.0",
      "jsr:@std/fmt@0.223.0": "jsr:@std/fmt@0.223.0",
      "jsr:@std/fmt@^0.221.0": "jsr:@std/fmt@0.221.0",
      "npm:http-status-codes@2": "npm:http-status-codes@2.3.0",
      "npm:marked": "npm:marked@12.0.2",
      "npm:marked-terminal": "npm:marked-terminal@7.0.0_marked@12.0.2",
      "npm:zod@3": "npm:zod@3.22.4"
    },
    "jsr": {
      "@littletof/charmd@0.1.2": {
        "integrity": "1d349b5a4acb3d9fe054e5c856ee8a5c0f18bbdccf1f0d733b6e73d518514928",
        "dependencies": [
          "jsr:@std/fmt@0.223.0"
        ]
      },
      "@std/assert@0.221.0": {
        "integrity": "a5f1aa6e7909dbea271754fd4ab3f4e687aeff4873b4cef9a320af813adb489a",
        "dependencies": [
          "jsr:@std/fmt@^0.221.0"
        ]
      },
      "@std/fmt@0.221.0": {
        "integrity": "379fed69bdd9731110f26b9085aeb740606b20428ce6af31ef6bd45ef8efa62a"
      },
      "@std/fmt@0.223.0": {
        "integrity": "6deb37794127dfc7d7bded2586b9fc6f5d50e62a8134846608baf71ffc1a5208"
      }
    },
    "npm": {
      "@colors/colors@1.5.0": {
        "integrity": "sha512-ooWCrlZP11i8GImSjTHYHLkvFDP48nS4+204nGb1RiX/WXYHmJA2III9/e2DWVabCESdW7hBAEzHRqUn9OUVvQ==",
        "dependencies": {}
      },
      "@sindresorhus/is@4.6.0": {
        "integrity": "sha512-t09vSN3MdfsyCHoFcTRCH/iUtG7OJ0CsjzB8cjAmKc/va/kIgeDI/TxsigdncE/4be734m0cvIYwNaV4i2XqAw==",
        "dependencies": {}
      },
      "ansi-escapes@6.2.1": {
        "integrity": "sha512-4nJ3yixlEthEJ9Rk4vPcdBRkZvQZlYyu8j4/Mqz5sgIkddmEnH2Yj2ZrnP9S3tQOvSNRUIgVNF/1yPpRAGNRig==",
        "dependencies": {}
      },
      "ansi-regex@5.0.1": {
        "integrity": "sha512-quJQXlTSUGL2LH9SUXo8VwsY4soanhgo6LNSm84E1LBcE8s3O0wpdiRzyR9z/ZZJMlMWv37qOOb9pdJlMUEKFQ==",
        "dependencies": {}
      },
      "ansi-styles@4.3.0": {
        "integrity": "sha512-zbB9rCJAT1rbjiVDb2hqKFHNYLxgtk8NURxZ3IZwD3F6NtxbXZQCnnSi1Lkx+IDohdPlFp222wVALIheZJQSEg==",
        "dependencies": {
          "color-convert": "color-convert@2.0.1"
        }
      },
      "any-promise@1.3.0": {
        "integrity": "sha512-7UvmKalWRt1wgjL1RrGxoSJW/0QZFIegpeGvZG9kjp8vrRu55XTHbwnqq2GpXm9uLbcuhxm3IqX9OB4MZR1b2A==",
        "dependencies": {}
      },
      "chalk@4.1.2": {
        "integrity": "sha512-oKnbhFyRIXpUuez8iBMmyEa4nbj4IOQyuhc/wy9kY7/WVPcwIO9VA668Pu8RkO7+0G76SLROeyw9CpQ061i4mA==",
        "dependencies": {
          "ansi-styles": "ansi-styles@4.3.0",
          "supports-color": "supports-color@7.2.0"
        }
      },
      "chalk@5.3.0": {
        "integrity": "sha512-dLitG79d+GV1Nb/VYcCDFivJeK1hiukt9QjRNVOsUtTy1rR1YJsmpGGTZ3qJos+uw7WmWF4wUwBd9jxjocFC2w==",
        "dependencies": {}
      },
      "char-regex@1.0.2": {
        "integrity": "sha512-kWWXztvZ5SBQV+eRgKFeh8q5sLuZY2+8WUIzlxWVTg+oGwY14qylx1KbKzHd8P6ZYkAg0xyIDU9JMHhyJMZ1jw==",
        "dependencies": {}
      },
      "cli-highlight@2.1.11": {
        "integrity": "sha512-9KDcoEVwyUXrjcJNvHD0NFc/hiwe/WPVYIleQh2O1N2Zro5gWJZ/K+3DGn8w8P/F6FxOgzyC5bxDyHIgCSPhGg==",
        "dependencies": {
          "chalk": "chalk@4.1.2",
          "highlight.js": "highlight.js@10.7.3",
          "mz": "mz@2.7.0",
          "parse5": "parse5@5.1.1",
          "parse5-htmlparser2-tree-adapter": "parse5-htmlparser2-tree-adapter@6.0.1",
          "yargs": "yargs@16.2.0"
        }
      },
      "cli-table3@0.6.4": {
        "integrity": "sha512-Lm3L0p+/npIQWNIiyF/nAn7T5dnOwR3xNTHXYEBFBFVPXzCVNZ5lqEC/1eo/EVfpDsQ1I+TX4ORPQgp+UI0CRw==",
        "dependencies": {
          "@colors/colors": "@colors/colors@1.5.0",
          "string-width": "string-width@4.2.3"
        }
      },
      "cliui@7.0.4": {
        "integrity": "sha512-OcRE68cOsVMXp1Yvonl/fzkQOyjLSu/8bhPDfQt0e0/Eb283TKP20Fs2MqoPsr9SwA595rRCA+QMzYc9nBP+JQ==",
        "dependencies": {
          "string-width": "string-width@4.2.3",
          "strip-ansi": "strip-ansi@6.0.1",
          "wrap-ansi": "wrap-ansi@7.0.0"
        }
      },
      "color-convert@2.0.1": {
        "integrity": "sha512-RRECPsj7iu/xb5oKYcsFHSppFNnsj/52OVTRKb4zP5onXwVF3zVmmToNcOfGC+CRDpfK/U584fMg38ZHCaElKQ==",
        "dependencies": {
          "color-name": "color-name@1.1.4"
        }
      },
      "color-name@1.1.4": {
        "integrity": "sha512-dOy+3AuW3a2wNbZHIuMZpTcgjGuLU/uBL/ubcZF9OXbDo8ff4O8yVp5Bf0efS8uEoYo5q4Fx7dY9OgQGXgAsQA==",
        "dependencies": {}
      },
      "emoji-regex@8.0.0": {
        "integrity": "sha512-MSjYzcWNOA0ewAHpz0MxpYFvwg6yjy1NG3xteoqz644VCo/RPgnr1/GGt+ic3iJTzQ8Eu3TdM14SawnVUmGE6A==",
        "dependencies": {}
      },
      "emojilib@2.4.0": {
        "integrity": "sha512-5U0rVMU5Y2n2+ykNLQqMoqklN9ICBT/KsvC1Gz6vqHbz2AXXGkG+Pm5rMWk/8Vjrr/mY9985Hi8DYzn1F09Nyw==",
        "dependencies": {}
      },
      "escalade@3.1.2": {
        "integrity": "sha512-ErCHMCae19vR8vQGe50xIsVomy19rg6gFu3+r3jkEO46suLMWBksvVyoGgQV+jOfl84ZSOSlmv6Gxa89PmTGmA==",
        "dependencies": {}
      },
      "get-caller-file@2.0.5": {
        "integrity": "sha512-DyFP3BM/3YHTQOCUL/w0OZHR0lpKeGrxotcHWcqNEdnltqFwXVfhEBQ94eIo34AfQpo0rGki4cyIiftY06h2Fg==",
        "dependencies": {}
      },
      "has-flag@4.0.0": {
        "integrity": "sha512-EykJT/Q1KjTWctppgIAgfSO0tKVuZUjhgMr17kqTumMl6Afv3EISleU7qZUzoXDFTAHTDC4NOoG/ZxU3EvlMPQ==",
        "dependencies": {}
      },
      "highlight.js@10.7.3": {
        "integrity": "sha512-tzcUFauisWKNHaRkN4Wjl/ZA07gENAjFl3J/c480dprkGTg5EQstgaNFqBfUqCq54kZRIEcreTsAgF/m2quD7A==",
        "dependencies": {}
      },
      "http-status-codes@2.3.0": {
        "integrity": "sha512-RJ8XvFvpPM/Dmc5SV+dC4y5PCeOhT3x1Hq0NU3rjGeg5a/CqlhZ7uudknPwZFz4aeAXDcbAyaeP7GAo9lvngtA==",
        "dependencies": {}
      },
      "is-fullwidth-code-point@3.0.0": {
        "integrity": "sha512-zymm5+u+sCsSWyD9qNaejV3DFvhCKclKdizYaJUuHA83RLjb7nSuGnddCHGv0hk+KY7BMAlsWeK4Ueg6EV6XQg==",
        "dependencies": {}
      },
      "marked-terminal@7.0.0_marked@12.0.2": {
        "integrity": "sha512-sNEx8nn9Ktcm6pL0TnRz8tnXq/mSS0Q1FRSwJOAqw4lAB4l49UeDf85Gm1n9RPFm5qurCPjwi1StAQT2XExhZw==",
        "dependencies": {
          "ansi-escapes": "ansi-escapes@6.2.1",
          "chalk": "chalk@5.3.0",
          "cli-highlight": "cli-highlight@2.1.11",
          "cli-table3": "cli-table3@0.6.4",
          "marked": "marked@12.0.2",
          "node-emoji": "node-emoji@2.1.3",
          "supports-hyperlinks": "supports-hyperlinks@3.0.0"
        }
      },
      "marked@12.0.2": {
        "integrity": "sha512-qXUm7e/YKFoqFPYPa3Ukg9xlI5cyAtGmyEIzMfW//m6kXwCy2Ps9DYf5ioijFKQ8qyuscrHoY04iJGctu2Kg0Q==",
        "dependencies": {}
      },
      "mz@2.7.0": {
        "integrity": "sha512-z81GNO7nnYMEhrGh9LeymoE4+Yr0Wn5McHIZMK5cfQCl+NDX08sCZgUc9/6MHni9IWuFLm1Z3HTCXu2z9fN62Q==",
        "dependencies": {
          "any-promise": "any-promise@1.3.0",
          "object-assign": "object-assign@4.1.1",
          "thenify-all": "thenify-all@1.6.0"
        }
      },
      "node-emoji@2.1.3": {
        "integrity": "sha512-E2WEOVsgs7O16zsURJ/eH8BqhF029wGpEOnv7Urwdo2wmQanOACwJQh0devF9D9RhoZru0+9JXIS0dBXIAz+lA==",
        "dependencies": {
          "@sindresorhus/is": "@sindresorhus/is@4.6.0",
          "char-regex": "char-regex@1.0.2",
          "emojilib": "emojilib@2.4.0",
          "skin-tone": "skin-tone@2.0.0"
        }
      },
      "object-assign@4.1.1": {
        "integrity": "sha512-rJgTQnkUnH1sFw8yT6VSU3zD3sWmu6sZhIseY8VX+GRu3P6F7Fu+JNDoXfklElbLJSnc3FUQHVe4cU5hj+BcUg==",
        "dependencies": {}
      },
      "parse5-htmlparser2-tree-adapter@6.0.1": {
        "integrity": "sha512-qPuWvbLgvDGilKc5BoicRovlT4MtYT6JfJyBOMDsKoiT+GiuP5qyrPCnR9HcPECIJJmZh5jRndyNThnhhb/vlA==",
        "dependencies": {
          "parse5": "parse5@6.0.1"
        }
      },
      "parse5@5.1.1": {
        "integrity": "sha512-ugq4DFI0Ptb+WWjAdOK16+u/nHfiIrcE+sh8kZMaM0WllQKLI9rOUq6c2b7cwPkXdzfQESqvoqK6ug7U/Yyzug==",
        "dependencies": {}
      },
      "parse5@6.0.1": {
        "integrity": "sha512-Ofn/CTFzRGTTxwpNEs9PP93gXShHcTq255nzRYSKe8AkVpZY7e1fpmTfOyoIvjP5HG7Z2ZM7VS9PPhQGW2pOpw==",
        "dependencies": {}
      },
      "require-directory@2.1.1": {
        "integrity": "sha512-fGxEI7+wsG9xrvdjsrlmL22OMTTiHRwAMroiEeMgq8gzoLC/PQr7RsRDSTLUg/bZAZtF+TVIkHc6/4RIKrui+Q==",
        "dependencies": {}
      },
      "skin-tone@2.0.0": {
        "integrity": "sha512-kUMbT1oBJCpgrnKoSr0o6wPtvRWT9W9UKvGLwfJYO2WuahZRHOpEyL1ckyMGgMWh0UdpmaoFqKKD29WTomNEGA==",
        "dependencies": {
          "unicode-emoji-modifier-base": "unicode-emoji-modifier-base@1.0.0"
        }
      },
      "string-width@4.2.3": {
        "integrity": "sha512-wKyQRQpjJ0sIp62ErSZdGsjMJWsap5oRNihHhu6G7JVO/9jIB6UyevL+tXuOqrng8j/cxKTWyWUwvSTriiZz/g==",
        "dependencies": {
          "emoji-regex": "emoji-regex@8.0.0",
          "is-fullwidth-code-point": "is-fullwidth-code-point@3.0.0",
          "strip-ansi": "strip-ansi@6.0.1"
        }
      },
      "strip-ansi@6.0.1": {
        "integrity": "sha512-Y38VPSHcqkFrCpFnQ9vuSXmquuv5oXOKpGeT6aGrr3o3Gc9AlVa6JBfUSOCnbxGGZF+/0ooI7KrPuUSztUdU5A==",
        "dependencies": {
          "ansi-regex": "ansi-regex@5.0.1"
        }
      },
      "supports-color@7.2.0": {
        "integrity": "sha512-qpCAvRl9stuOHveKsn7HncJRvv501qIacKzQlO/+Lwxc9+0q2wLyv4Dfvt80/DPn2pqOBsJdDiogXGR9+OvwRw==",
        "dependencies": {
          "has-flag": "has-flag@4.0.0"
        }
      },
      "supports-hyperlinks@3.0.0": {
        "integrity": "sha512-QBDPHyPQDRTy9ku4URNGY5Lah8PAaXs6tAAwp55sL5WCsSW7GIfdf6W5ixfziW+t7wh3GVvHyHHyQ1ESsoRvaA==",
        "dependencies": {
          "has-flag": "has-flag@4.0.0",
          "supports-color": "supports-color@7.2.0"
        }
      },
      "thenify-all@1.6.0": {
        "integrity": "sha512-RNxQH/qI8/t3thXJDwcstUO4zeqo64+Uy/+sNVRBx4Xn2OX+OZ9oP+iJnNFqplFra2ZUVeKCSa2oVWi3T4uVmA==",
        "dependencies": {
          "thenify": "thenify@3.3.1"
        }
      },
      "thenify@3.3.1": {
        "integrity": "sha512-RVZSIV5IG10Hk3enotrhvz0T9em6cyHBLkH/YAZuKqd8hRkKhSfCGIcP2KUY0EPxndzANBmNllzWPwak+bheSw==",
        "dependencies": {
          "any-promise": "any-promise@1.3.0"
        }
      },
      "unicode-emoji-modifier-base@1.0.0": {
        "integrity": "sha512-yLSH4py7oFH3oG/9K+XWrz1pSi3dfUrWEnInbxMfArOfc1+33BlGPQtLsOYwvdMy11AwUBetYuaRxSPqgkq+8g==",
        "dependencies": {}
      },
      "wrap-ansi@7.0.0": {
        "integrity": "sha512-YVGIj2kamLSTxw6NsZjoBxfSwsn0ycdesmc4p+Q21c5zPuZ1pl+NfxVdxPtdHvmNVOQ6XSYG4AUtyt/Fi7D16Q==",
        "dependencies": {
          "ansi-styles": "ansi-styles@4.3.0",
          "string-width": "string-width@4.2.3",
          "strip-ansi": "strip-ansi@6.0.1"
        }
      },
      "y18n@5.0.8": {
        "integrity": "sha512-0pfFzegeDWJHJIAmTLRP2DwHjdF5s7jo9tuztdQxAhINCdvS+3nGINqPd00AphqJR/0LhANUS6/+7SCb98YOfA==",
        "dependencies": {}
      },
      "yargs-parser@20.2.9": {
        "integrity": "sha512-y11nGElTIV+CT3Zv9t7VKl+Q3hTQoT9a1Qzezhhl6Rp21gJ/IVTW7Z3y9EWXhuUBC2Shnf+DX0antecpAwSP8w==",
        "dependencies": {}
      },
      "yargs@16.2.0": {
        "integrity": "sha512-D1mvvtDG0L5ft/jGWkLpG1+m0eQxOfaBvTNELraWj22wSVUMWxZUvYgJYcKh6jGGIkJFhH4IZPQhR4TKpc8mBw==",
        "dependencies": {
          "cliui": "cliui@7.0.4",
          "escalade": "escalade@3.1.2",
          "get-caller-file": "get-caller-file@2.0.5",
          "require-directory": "require-directory@2.1.1",
          "string-width": "string-width@4.2.3",
          "y18n": "y18n@5.0.8",
          "yargs-parser": "yargs-parser@20.2.9"
        }
      },
      "zod@3.22.4": {
        "integrity": "sha512-iC+8Io04lddc+mVqQ9AZ7OQ2MrUKGN+oIQyq1vemgt46jwCwLfhq7/pwnBnNXXXZb8VTVLKwp9EDkx+ryxIWmg==",
        "dependencies": {}
      }
    }
  },
  "redirects": {
    "https://deno.land/std/assert/assertion_error.ts": "https://deno.land/std@0.223.0/assert/assertion_error.ts",
    "https://deno.land/std/assert/mod.ts": "https://deno.land/std@0.221.0/assert/mod.ts",
    "https://deno.land/x/charmd/mod.ts": "https://deno.land/x/charmd@v0.1.2/mod.ts",
    "https://deno.land/x/zod/mod.ts": "https://deno.land/x/zod@v3.22.4/mod.ts"
  },
  "remote": {
    "https://deno.land/std@0.221.0/assert/_constants.ts": "a271e8ef5a573f1df8e822a6eb9d09df064ad66a4390f21b3e31f820a38e0975",
    "https://deno.land/std@0.221.0/assert/_diff.ts": "4bf42969aa8b1a33aaf23eb8e478b011bfaa31b82d85d2ff4b5c4662d8780d2b",
    "https://deno.land/std@0.221.0/assert/_format.ts": "0ba808961bf678437fb486b56405b6fefad2cf87b5809667c781ddee8c32aff4",
    "https://deno.land/std@0.221.0/assert/assert.ts": "bec068b2fccdd434c138a555b19a2c2393b71dfaada02b7d568a01541e67cdc5",
    "https://deno.land/std@0.221.0/assert/assert_almost_equals.ts": "8b96b7385cc117668b0720115eb6ee73d04c9bcb2f5d2344d674918c9113688f",
    "https://deno.land/std@0.221.0/assert/assert_array_includes.ts": "1688d76317fd45b7e93ef9e2765f112fdf2b7c9821016cdfb380b9445374aed1",
    "https://deno.land/std@0.221.0/assert/assert_equals.ts": "4497c56fe7d2993b0d447926702802fc0becb44e319079e8eca39b482ee01b4e",
    "https://deno.land/std@0.221.0/assert/assert_exists.ts": "24a7bf965e634f909242cd09fbaf38bde6b791128ece08e33ab08586a7cc55c9",
    "https://deno.land/std@0.221.0/assert/assert_false.ts": "6f382568e5128c0f855e5f7dbda8624c1ed9af4fcc33ef4a9afeeedcdce99769",
    "https://deno.land/std@0.221.0/assert/assert_greater.ts": "4945cf5729f1a38874d7e589e0fe5cc5cd5abe5573ca2ddca9d3791aa891856c",
    "https://deno.land/std@0.221.0/assert/assert_greater_or_equal.ts": "573ed8823283b8d94b7443eb69a849a3c369a8eb9666b2d1db50c33763a5d219",
    "https://deno.land/std@0.221.0/assert/assert_instance_of.ts": "72dc1faff1e248692d873c89382fa1579dd7b53b56d52f37f9874a75b11ba444",
    "https://deno.land/std@0.221.0/assert/assert_is_error.ts": "6596f2b5ba89ba2fe9b074f75e9318cda97a2381e59d476812e30077fbdb6ed2",
    "https://deno.land/std@0.221.0/assert/assert_less.ts": "2b4b3fe7910f65f7be52212f19c3977ecb8ba5b2d6d0a296c83cde42920bb005",
    "https://deno.land/std@0.221.0/assert/assert_less_or_equal.ts": "b93d212fe669fbde959e35b3437ac9a4468f2e6b77377e7b6ea2cfdd825d38a0",
    "https://deno.land/std@0.221.0/assert/assert_match.ts": "ec2d9680ed3e7b9746ec57ec923a17eef6d476202f339ad91d22277d7f1d16e1",
    "https://deno.land/std@0.221.0/assert/assert_not_equals.ts": "ac86413ab70ffb14fdfc41740ba579a983fe355ba0ce4a9ab685e6b8e7f6a250",
    "https://deno.land/std@0.221.0/assert/assert_not_instance_of.ts": "8f720d92d83775c40b2542a8d76c60c2d4aeddaf8713c8d11df8984af2604931",
    "https://deno.land/std@0.221.0/assert/assert_not_match.ts": "b4b7c77f146963e2b673c1ce4846473703409eb93f5ab0eb60f6e6f8aeffe39f",
    "https://deno.land/std@0.221.0/assert/assert_not_strict_equals.ts": "da0b8ab60a45d5a9371088378e5313f624799470c3b54c76e8b8abeec40a77be",
    "https://deno.land/std@0.221.0/assert/assert_object_match.ts": "e85e5eef62a56ce364c3afdd27978ccab979288a3e772e6855c270a7b118fa49",
    "https://deno.land/std@0.221.0/assert/assert_rejects.ts": "5206ac37d883797d9504e3915a0c7b692df6efcdefff3889cc14bb5a325641dd",
    "https://deno.land/std@0.221.0/assert/assert_strict_equals.ts": "0425a98f70badccb151644c902384c12771a93e65f8ff610244b8147b03a2366",
    "https://deno.land/std@0.221.0/assert/assert_string_includes.ts": "dfb072a890167146f8e5bdd6fde887ce4657098e9f71f12716ef37f35fb6f4a7",
    "https://deno.land/std@0.221.0/assert/assert_throws.ts": "31f3c061338aec2c2c33731973d58ccd4f14e42f355501541409ee958d2eb8e5",
    "https://deno.land/std@0.221.0/assert/assertion_error.ts": "9f689a101ee586c4ce92f52fa7ddd362e86434ffdf1f848e45987dc7689976b8",
    "https://deno.land/std@0.221.0/assert/equal.ts": "fae5e8a52a11d3ac694bbe1a53e13a7969e3f60791262312e91a3e741ae519e2",
    "https://deno.land/std@0.221.0/assert/fail.ts": "f310e51992bac8e54f5fd8e44d098638434b2edb802383690e0d7a9be1979f1c",
    "https://deno.land/std@0.221.0/assert/mod.ts": "7e41449e77a31fef91534379716971bebcfc12686e143d38ada5438e04d4a90e",
    "https://deno.land/std@0.221.0/assert/unimplemented.ts": "47ca67d1c6dc53abd0bd729b71a31e0825fc452dbcd4fde4ca06789d5644e7fd",
    "https://deno.land/std@0.221.0/assert/unreachable.ts": "3670816a4ab3214349acb6730e3e6f5299021234657eefe05b48092f3848c270",
    "https://deno.land/std@0.221.0/async/delay.ts": "8e1d18fe8b28ff95885e2bc54eccec1713f57f756053576d8228e6ca110793ad",
    "https://deno.land/std@0.221.0/bytes/concat.ts": "9cac3b4376afbef98ff03588eb3cf948e0d1eb6c27cfe81a7651ab6dd3adc54a",
    "https://deno.land/std@0.221.0/bytes/copy.ts": "f29c03168853720dfe82eaa57793d0b9e3543ebfe5306684182f0f1e3bfd422a",
    "https://deno.land/std@0.221.0/cli/mod.ts": "3ac44ca5def1b8cc1089a748d4904de8aa80fd89aa16a5d0bebee9cdcbdadba1",
    "https://deno.land/std@0.221.0/cli/parse_args.ts": "5250832fb7c544d9111e8a41ad272c016f5a53f975ef84d5a9fe5fcb70566ece",
    "https://deno.land/std@0.221.0/cli/prompt_secret.ts": "f6c9416b261131ac0df7ec4c57d4dc3aac7566b8a840a2d4388f8b7424f57b22",
    "https://deno.land/std@0.221.0/cli/spinner.ts": "cf873605771270b4324cc063b5031ab250d8efee8799e45e1a3bfdd333ff721d",
    "https://deno.land/std@0.221.0/collections/max_with.ts": "ea4838b17246166991ed033c52b43f04be957168c12bdb193b0f8ffdd046a6d0",
    "https://deno.land/std@0.221.0/crypto/_wasm/lib/deno_std_wasm_crypto.generated.mjs": "f65ea775c52c5641f0154d98d6059e261ca3dc917a8856209d60bc6cb406e699",
    "https://deno.land/std@0.221.0/crypto/_wasm/mod.ts": "e89fbbc3c4722602ff975dd85f18273c7741ec766a9b68f6de4fd1d9876409f8",
    "https://deno.land/std@0.221.0/crypto/crypto.ts": "7ccd24e766d026d92ee1260b5a1639624775e94456d2a95c3a42fd3d49df78ab",
    "https://deno.land/std@0.221.0/data_structures/_binary_search_node.ts": "ce1da11601fef0638df4d1e53c377f791f96913383277389286b390685d76c07",
    "https://deno.land/std@0.221.0/data_structures/_red_black_node.ts": "4af8d3c5ac5f119d8058269259c46ea22ead567246cacde04584a83e43a9d2ea",
    "https://deno.land/std@0.221.0/data_structures/binary_search_tree.ts": "2dd43d97ce5f5a4bdba11b075eb458db33e9143f50997b0eebf02912cb44f5d5",
    "https://deno.land/std@0.221.0/data_structures/comparators.ts": "74e64752f005f03614d9bd4912ea64c58d2e663b5d8c9dba6e2e2997260f51eb",
    "https://deno.land/std@0.221.0/data_structures/red_black_tree.ts": "2222be0c46842fc932e2c8589a66dced9e6eae180914807c5c55d1aa4c8c1b9b",
    "https://deno.land/std@0.221.0/datetime/constants.ts": "5df80a84e301da6db5793804122c034d2d090da31f1e1c5fdaa831fc70a45da7",
    "https://deno.land/std@0.221.0/datetime/difference.ts": "7580464beb74be6d2e87fb1a2f0aa338e543758c0b2ab18c8a42ea451a6c8a31",
    "https://deno.land/std@0.221.0/flags/mod.ts": "9f13f3a49c54618277ac49195af934f1c7d235731bcf80fd33b8b234e6839ce9",
    "https://deno.land/std@0.221.0/fmt/colors.ts": "d239d84620b921ea520125d778947881f62c50e78deef2657073840b8af9559a",
    "https://deno.land/std@0.221.0/fs/_create_walk_entry.ts": "5d9d2aaec05bcf09a06748b1684224d33eba7a4de24cf4cf5599991ca6b5b412",
    "https://deno.land/std@0.221.0/fs/_get_file_info_type.ts": "da7bec18a7661dba360a1db475b826b18977582ce6fc9b25f3d4ee0403fe8cbd",
    "https://deno.land/std@0.221.0/fs/_is_same_path.ts": "709c95868345fea051c58b9e96af95cff94e6ae98dfcff2b66dee0c212c4221f",
    "https://deno.land/std@0.221.0/fs/_is_subdir.ts": "c68b309d46cc8568ed83c000f608a61bbdba0943b7524e7a30f9e450cf67eecd",
    "https://deno.land/std@0.221.0/fs/_to_path_string.ts": "29bfc9c6c112254961d75cbf6ba814d6de5349767818eb93090cecfa9665591e",
    "https://deno.land/std@0.221.0/fs/copy.ts": "7ab12a16adb65d155d4943c88081ca16ce3b0b5acada64c1ce93800653678039",
    "https://deno.land/std@0.221.0/fs/empty_dir.ts": "e400e96e1d2c8c558a5a1712063bd43939e00619c1d1cc29959babc6f1639418",
    "https://deno.land/std@0.221.0/fs/ensure_dir.ts": "313e8a62b8bb20d900138ff794bde6a6ac0a6bebc91220fba6dfc3303bde56c6",
    "https://deno.land/std@0.221.0/fs/ensure_file.ts": "67608cf550529f3d4aa1f8b6b36bf817bdc40b14487bf8f60e61cbf68f507cf3",
    "https://deno.land/std@0.221.0/fs/ensure_link.ts": "5c98503ebfa9cc05e2f2efaa30e91e60b4dd5b43ebbda82f435c0a5c6e3ffa01",
    "https://deno.land/std@0.221.0/fs/ensure_symlink.ts": "cafe904cebacb9a761977d6dbf5e3af938be946a723bb394080b9a52714fafe4",
    "https://deno.land/std@0.221.0/fs/eol.ts": "18c4ac009d0318504c285879eb7f47942643f13619e0ff070a0edc59353306bd",
    "https://deno.land/std@0.221.0/fs/exists.ts": "3d38cb7dcbca3cf313be343a7b8af18a87bddb4b5ca1bd2314be12d06533b50f",
    "https://deno.land/std@0.221.0/fs/expand_glob.ts": "2e428d90acc6676b2aa7b5c78ef48f30641b13f1fe658e7976c9064fb4b05309",
    "https://deno.land/std@0.221.0/fs/mod.ts": "c25e6802cbf27f3050f60b26b00c2d8dba1cb7fcdafe34c66006a7473b7b34d4",
    "https://deno.land/std@0.221.0/fs/move.ts": "ca205d848908d7f217353bc5c623627b1333490b8b5d3ef4cab600a700c9bd8f",
    "https://deno.land/std@0.221.0/fs/walk.ts": "cddf87d2705c0163bff5d7767291f05b0f46ba10b8b28f227c3849cace08d303",
    "https://deno.land/std@0.221.0/io/_common.ts": "36705cdb4dfcd338d6131bca1b16e48a4d5bf0d1dada6ce397268e88c17a5835",
    "https://deno.land/std@0.221.0/io/_constants.ts": "3c7ad4695832e6e4a32e35f218c70376b62bc78621ef069a4a0a3d55739f8856",
    "https://deno.land/std@0.221.0/io/buf_reader.ts": "e6023dfdda5ab2393588e57a191c7c2a310df5f58abcb00abfd07c8a90c7b8ac",
    "https://deno.land/std@0.221.0/io/buf_writer.ts": "f82f640c8b3a820f600a8da429ad0537037c7d6a78426bbca2396fb1f75d3ef4",
    "https://deno.land/std@0.221.0/io/buffer.ts": "4d1f805f350433e418002accec798bc6c33ce18f614afa65f987c202d7b2234e",
    "https://deno.land/std@0.221.0/io/copy.ts": "63c6a4acf71fb1e89f5e47a7b3b2972f9d2c56dd645560975ead72db7eb23f61",
    "https://deno.land/std@0.221.0/io/copy_n.ts": "bf26adefacbe3d2035bf4c22484452c8bebecb2f3da7cd763a490b6598464760",
    "https://deno.land/std@0.221.0/io/iterate_reader.ts": "1e5e4fea22d8965afb7df4ee9ab9adda0a0fc581adbea31bc2f2d25453f8a6e9",
    "https://deno.land/std@0.221.0/io/limited_reader.ts": "a8d8ac4f0c4edaf9f2c347f215a46eb711d85cd436d5ee3727c6d17014650857",
    "https://deno.land/std@0.221.0/io/mod.ts": "f0a3f9d419394cec27099ba15ab0c8100da1e70928f95ebe646caaf667c6870c",
    "https://deno.land/std@0.221.0/io/multi_reader.ts": "554cd275113a50e7db894a09489d5958162c28596369170f32d43c9a86008c3a",
    "https://deno.land/std@0.221.0/io/read_all.ts": "876c1cb20adea15349c72afc86cecd3573335845ae778967aefb5e55fe5a8a4a",
    "https://deno.land/std@0.221.0/io/read_delim.ts": "c04fb8eeb44ec1622959260130d029e54887444581ed3742825d3091318d4559",
    "https://deno.land/std@0.221.0/io/read_int.ts": "ea1e29a7dbc3a6bfbee72c35dd211e7470eccf3ee64f01d5161cd65b0ae619c8",
    "https://deno.land/std@0.221.0/io/read_lines.ts": "78d6b4bd6513209bbdbc35d7e4c7a959fe16d77d16cadce20780042da32e2fef",
    "https://deno.land/std@0.221.0/io/read_long.ts": "f2037c1a8a32e3f6a7f4d1e6a9c0442c2012331c9c6dd8c23deaf8d4bb30a5d6",
    "https://deno.land/std@0.221.0/io/read_range.ts": "9a13e35946cfae01e0ea9cf234dcdaf34b520c1091a4aeda8a30e824e5e304ed",
    "https://deno.land/std@0.221.0/io/read_short.ts": "754cf9d437af4b19a0e32bc77ba64131856d1b2ba6c737c459cd4bba0d455360",
    "https://deno.land/std@0.221.0/io/read_string_delim.ts": "282899222339a8d19b4c2c282e76eab9a14466c2227ecec322b37c7e94248406",
    "https://deno.land/std@0.221.0/io/reader_from_stream_reader.ts": "a75bbc93f39df8b0e372cc1fbdc416a7cbf2a39fc4c09ddb057f1241100191c5",
    "https://deno.land/std@0.221.0/io/slice_long_to_bytes.ts": "9708b9c1bab66385015f699cbc43effb6c281797b44f91a062c865bce38245d8",
    "https://deno.land/std@0.221.0/io/string_reader.ts": "30b8680c2e5661d08239238b35aa696208fed61bc9e598d42ce4217a6c04a490",
    "https://deno.land/std@0.221.0/io/string_writer.ts": "22d8d4f2fcc12277264d3c301d4136f2101effc9f42af19c4d028daa2d6364e2",
    "https://deno.land/std@0.221.0/io/to_readable_stream.ts": "ed03a44a1ec1cc55a85a857acf6cac472035298f6f3b6207ea209f93b4aefb39",
    "https://deno.land/std@0.221.0/io/to_writable_stream.ts": "ef422e0425963c8a1e0481674e66c3023da50f0acbe5ef51ec9789efc3c1e2ed",
    "https://deno.land/std@0.221.0/io/types.ts": "acecb3074c730b5ff487ba4fe9ce51e67bd982aa07c95e5f5679b7b2f24ad129",
    "https://deno.land/std@0.221.0/io/write_all.ts": "24aac2312bb21096ae3ae0b102b22c26164d3249dff96dbac130958aa736f038",
    "https://deno.land/std@0.221.0/json/common.ts": "33f1a4f39a45e2f9f357823fd0b5cf88b63fb4784b8c9a28f8120f70a20b23e9",
    "https://deno.land/std@0.221.0/jsonc/mod.ts": "1756f094e00894ec27416b4fcccbcf445e73892a83cf1937de3aad7de2d5da7c",
    "https://deno.land/std@0.221.0/jsonc/parse.ts": "06fbe10f0bb0cba684f7902bf7de5126b16eb0e5a82220c98a4b86675c7f9cff",
    "https://deno.land/std@0.221.0/path/_common/assert_path.ts": "dbdd757a465b690b2cc72fc5fb7698c51507dec6bfafce4ca500c46b76ff7bd8",
    "https://deno.land/std@0.221.0/path/_common/basename.ts": "569744855bc8445f3a56087fd2aed56bdad39da971a8d92b138c9913aecc5fa2",
    "https://deno.land/std@0.221.0/path/_common/constants.ts": "dc5f8057159f4b48cd304eb3027e42f1148cf4df1fb4240774d3492b5d12ac0c",
    "https://deno.land/std@0.221.0/path/_common/dirname.ts": "684df4aa71a04bbcc346c692c8485594fc8a90b9408dfbc26ff32cf3e0c98cc8",
    "https://deno.land/std@0.221.0/path/_common/from_file_url.ts": "d672bdeebc11bf80e99bf266f886c70963107bdd31134c4e249eef51133ceccf",
    "https://deno.land/std@0.221.0/path/_common/glob_to_reg_exp.ts": "6cac16d5c2dc23af7d66348a7ce430e5de4e70b0eede074bdbcf4903f4374d8d",
    "https://deno.land/std@0.221.0/path/_common/normalize.ts": "684df4aa71a04bbcc346c692c8485594fc8a90b9408dfbc26ff32cf3e0c98cc8",
    "https://deno.land/std@0.221.0/path/_common/normalize_string.ts": "33edef773c2a8e242761f731adeb2bd6d683e9c69e4e3d0092985bede74f4ac3",
    "https://deno.land/std@0.221.0/path/_common/strip_trailing_separators.ts": "7024a93447efcdcfeaa9339a98fa63ef9d53de363f1fbe9858970f1bba02655a",
    "https://deno.land/std@0.221.0/path/_common/to_file_url.ts": "7f76adbc83ece1bba173e6e98a27c647712cab773d3f8cbe0398b74afc817883",
    "https://deno.land/std@0.221.0/path/_interface.ts": "8dfeb930ca4a772c458a8c7bbe1e33216fe91c253411338ad80c5b6fa93ddba0",
    "https://deno.land/std@0.221.0/path/_os.ts": "8fb9b90fb6b753bd8c77cfd8a33c2ff6c5f5bc185f50de8ca4ac6a05710b2c15",
    "https://deno.land/std@0.221.0/path/basename.ts": "7ee495c2d1ee516ffff48fb9a93267ba928b5a3486b550be73071bc14f8cc63e",
    "https://deno.land/std@0.221.0/path/constants.ts": "0c206169ca104938ede9da48ac952de288f23343304a1c3cb6ec7625e7325f36",
    "https://deno.land/std@0.221.0/path/dirname.ts": "85bd955bf31d62c9aafdd7ff561c4b5fb587d11a9a5a45e2b01aedffa4238a7c",
    "https://deno.land/std@0.221.0/path/from_file_url.ts": "911833ae4fd10a1c84f6271f36151ab785955849117dc48c6e43b929504ee069",
    "https://deno.land/std@0.221.0/path/glob_to_regexp.ts": "7f30f0a21439cadfdae1be1bf370880b415e676097fda584a63ce319053b5972",
    "https://deno.land/std@0.221.0/path/is_absolute.ts": "4791afc8bfd0c87f0526eaa616b0d16e7b3ab6a65b62942e50eac68de4ef67d7",
    "https://deno.land/std@0.221.0/path/is_glob.ts": "a65f6195d3058c3050ab905705891b412ff942a292bcbaa1a807a74439a14141",
    "https://deno.land/std@0.221.0/path/join.ts": "ae2ec5ca44c7e84a235fd532e4a0116bfb1f2368b394db1c4fb75e3c0f26a33a",
    "https://deno.land/std@0.221.0/path/join_globs.ts": "5b3bf248b93247194f94fa6947b612ab9d3abd571ca8386cf7789038545e54a0",
    "https://deno.land/std@0.221.0/path/normalize.ts": "4155743ccceeed319b350c1e62e931600272fad8ad00c417b91df093867a8352",
    "https://deno.land/std@0.221.0/path/parse.ts": "3e172974e3c71025f5fbd2bd9db4307acb9cc2de14cf6f4464bf40957663cabe",
    "https://deno.land/std@0.221.0/path/posix/_util.ts": "1e3937da30f080bfc99fe45d7ed23c47dd8585c5e473b2d771380d3a6937cf9d",
    "https://deno.land/std@0.221.0/path/posix/basename.ts": "d2fa5fbbb1c5a3ab8b9326458a8d4ceac77580961b3739cd5bfd1d3541a3e5f0",
    "https://deno.land/std@0.221.0/path/posix/constants.ts": "93481efb98cdffa4c719c22a0182b994e5a6aed3047e1962f6c2c75b7592bef1",
    "https://deno.land/std@0.221.0/path/posix/dirname.ts": "76cd348ffe92345711409f88d4d8561d8645353ac215c8e9c80140069bf42f00",
    "https://deno.land/std@0.221.0/path/posix/from_file_url.ts": "951aee3a2c46fd0ed488899d024c6352b59154c70552e90885ed0c2ab699bc40",
    "https://deno.land/std@0.221.0/path/posix/glob_to_regexp.ts": "76f012fcdb22c04b633f536c0b9644d100861bea36e9da56a94b9c589a742e8f",
    "https://deno.land/std@0.221.0/path/posix/is_absolute.ts": "cebe561ad0ae294f0ce0365a1879dcfca8abd872821519b4fcc8d8967f888ede",
    "https://deno.land/std@0.221.0/path/posix/join.ts": "7fc2cb3716aa1b863e990baf30b101d768db479e70b7313b4866a088db016f63",
    "https://deno.land/std@0.221.0/path/posix/join_globs.ts": "a9475b44645feddceb484ee0498e456f4add112e181cb94042cdc6d47d1cdd25",
    "https://deno.land/std@0.221.0/path/posix/normalize.ts": "baeb49816a8299f90a0237d214cef46f00ba3e95c0d2ceb74205a6a584b58a91",
    "https://deno.land/std@0.221.0/path/posix/normalize_glob.ts": "9c87a829b6c0f445d03b3ecadc14492e2864c3ebb966f4cea41e98326e4435c6",
    "https://deno.land/std@0.221.0/path/posix/parse.ts": "0b1fc4cb890dbb699ec1d2c232d274843b4a7142e1ad976b69fe51c954eb6080",
    "https://deno.land/std@0.221.0/path/posix/resolve.ts": "08b699cfeee10cb6857ccab38fa4b2ec703b0ea33e8e69964f29d02a2d5257cf",
    "https://deno.land/std@0.221.0/path/posix/to_file_url.ts": "7aa752ba66a35049e0e4a4be5a0a31ac6b645257d2e031142abb1854de250aaf",
    "https://deno.land/std@0.221.0/path/resolve.ts": "a6f977bdb4272e79d8d0ed4333e3d71367cc3926acf15ac271f1d059c8494d8d",
    "https://deno.land/std@0.221.0/path/to_file_url.ts": "88f049b769bce411e2d2db5bd9e6fd9a185a5fbd6b9f5ad8f52bef517c4ece1b",
    "https://deno.land/std@0.221.0/path/windows/_util.ts": "d5f47363e5293fced22c984550d5e70e98e266cc3f31769e1710511803d04808",
    "https://deno.land/std@0.221.0/path/windows/basename.ts": "6bbc57bac9df2cec43288c8c5334919418d784243a00bc10de67d392ab36d660",
    "https://deno.land/std@0.221.0/path/windows/constants.ts": "5afaac0a1f67b68b0a380a4ef391bf59feb55856aa8c60dfc01bd3b6abb813f5",
    "https://deno.land/std@0.221.0/path/windows/dirname.ts": "33e421be5a5558a1346a48e74c330b8e560be7424ed7684ea03c12c21b627bc9",
    "https://deno.land/std@0.221.0/path/windows/from_file_url.ts": "ced2d587b6dff18f963f269d745c4a599cf82b0c4007356bd957cb4cb52efc01",
    "https://deno.land/std@0.221.0/path/windows/glob_to_regexp.ts": "e45f1f89bf3fc36f94ab7b3b9d0026729829fabc486c77f414caebef3b7304f8",
    "https://deno.land/std@0.221.0/path/windows/is_absolute.ts": "4a8f6853f8598cf91a835f41abed42112cebab09478b072e4beb00ec81f8ca8a",
    "https://deno.land/std@0.221.0/path/windows/join.ts": "8d03530ab89195185103b7da9dfc6327af13eabdcd44c7c63e42e27808f50ecf",
    "https://deno.land/std@0.221.0/path/windows/join_globs.ts": "a9475b44645feddceb484ee0498e456f4add112e181cb94042cdc6d47d1cdd25",
    "https://deno.land/std@0.221.0/path/windows/normalize.ts": "78126170ab917f0ca355a9af9e65ad6bfa5be14d574c5fb09bb1920f52577780",
    "https://deno.land/std@0.221.0/path/windows/normalize_glob.ts": "9c87a829b6c0f445d03b3ecadc14492e2864c3ebb966f4cea41e98326e4435c6",
    "https://deno.land/std@0.221.0/path/windows/parse.ts": "dbdfe2bc6db482d755b5f63f7207cd019240fcac02ad2efa582adf67ff10553a",
    "https://deno.land/std@0.221.0/path/windows/resolve.ts": "8dae1dadfed9d46ff46cc337c9525c0c7d959fb400a6308f34595c45bdca1972",
    "https://deno.land/std@0.221.0/path/windows/to_file_url.ts": "40e560ee4854fe5a3d4d12976cef2f4e8914125c81b11f1108e127934ced502e",
    "https://deno.land/std@0.221.0/streams/_common.ts": "948735ef6d140cd6916dca861197b88fc57db52c2f923c392b7a14033d8fed4b",
    "https://deno.land/std@0.221.0/streams/buffer.ts": "e012de72a53ad17c56512488e9afb6f4b6ed046b32fc1415ae7a4e6fc0efce38",
    "https://deno.land/std@0.221.0/streams/byte_slice_stream.ts": "5bbdcadb118390affa9b3d0a0f73ef8e83754f59bb89df349add669dd9369713",
    "https://deno.land/std@0.221.0/streams/delimiter_stream.ts": "4e4050740ff27a8824defa6c96126229ef9d794c4ace4ef9cabb10b5ad4a5d14",
    "https://deno.land/std@0.221.0/streams/early_zip_readable_streams.ts": "21f5cf6dd36381c6a50c31a7727b5bd219f6382bbb7a413418595c3e466c4d14",
    "https://deno.land/std@0.221.0/streams/iterate_reader.ts": "a50bed95514736c3c554e4c69ea2d8d2699252e4e74507769999d22c3886c777",
    "https://deno.land/std@0.221.0/streams/limited_bytes_transform_stream.ts": "b22a45a337374e863c4eb1867ec6b8ad3e68620a6c52fe837746060ea610e6f1",
    "https://deno.land/std@0.221.0/streams/limited_transform_stream.ts": "4c47da5ca38a30fa9f33b0f1a61d4548e7f52a9a58c294b0f430f680e44cc543",
    "https://deno.land/std@0.221.0/streams/merge_readable_streams.ts": "73eed8ff54c9111b8b974b11a5a11c1ed0b7800e0157c39277ccac3ed14721e2",
    "https://deno.land/std@0.221.0/streams/mod.ts": "d56624832b9649b680c74ab9c77e746e8be81ae1a24756cc04623e25a0d43ce9",
    "https://deno.land/std@0.221.0/streams/readable_stream_from_reader.ts": "4289a63836f73901441c1879f2be76eea2a983920f4b10a4a9b8a6d8c29ece56",
    "https://deno.land/std@0.221.0/streams/reader_from_iterable.ts": "82f1ecef32ec70c7841ca2a54b09c73167d940f0578bec91e874bb8cd42ba8f3",
    "https://deno.land/std@0.221.0/streams/reader_from_stream_reader.ts": "dda702bd365a133be8bdbc5a1ba96c67b350c3504410632f3a833895bfc7bae3",
    "https://deno.land/std@0.221.0/streams/text_delimiter_stream.ts": "94dfc900204e306496c1b58c80473db57b6097afdcb8ea9eaff453a193a659f1",
    "https://deno.land/std@0.221.0/streams/text_line_stream.ts": "21f33d3922e019ec1a1676474beb543929cb564ec99b69cd2654e029e0f45bd5",
    "https://deno.land/std@0.221.0/streams/to_array_buffer.ts": "1a9c07c4a396ce557ab205c44415815ab13b614fed94a12f62b80f8e650c726d",
    "https://deno.land/std@0.221.0/streams/to_blob.ts": "bf5daaae50fa8f57e0c8bfd7474ebac16ac09e130e3d01ef2947ae5153912b4a",
    "https://deno.land/std@0.221.0/streams/to_json.ts": "b6a908d0da7cd30956e5fbbfa7460747e50b8f307d1041282ed6fe9070d579ee",
    "https://deno.land/std@0.221.0/streams/to_text.ts": "6f93593bdfc2cea5cca39755ea5caf0d4092580c0a713dfe04a1e85c60df331f",
    "https://deno.land/std@0.221.0/streams/to_transform_stream.ts": "4c4836455ef89bab9ece55975ee3a819f07d3d8b0e43101ec7f4ed033c8a2b61",
    "https://deno.land/std@0.221.0/streams/writable_stream_from_writer.ts": "62f2712d3a7bebd981fca8bd5140192c37450f9c4aa94283f7ca833e46bc7485",
    "https://deno.land/std@0.221.0/streams/writer_from_stream_writer.ts": "b0e39ef607dfdc5abdfb627edf61a9672809463e2bb022afcbaf0cd006c40feb",
    "https://deno.land/std@0.221.0/streams/zip_readable_streams.ts": "53eb10d7557539b489bd858907aab6dd28247f074b3446573801de3150cb932e",
    "https://deno.land/std@0.221.0/testing/_time.ts": "fefd1ff35b50a410db9b0e7227e05163e1b172c88afd0d2071df0125958c3ff3",
    "https://deno.land/std@0.221.0/testing/mock.ts": "a963181c2860b6ba3eb60e08b62c164d33cf5da7cd445893499b2efda20074db",
    "https://deno.land/std@0.221.0/testing/snapshot.ts": "35ca1c8e8bfb98d7b7e794f1b7be8d992483fcff572540e41396f22a5bddb944",
    "https://deno.land/std@0.221.0/testing/time.ts": "0d25e0f15eded2d66c9ed37d16c3188b16cc1aefa58be4a4753afb7750e72cb0",
    "https://deno.land/std@0.221.0/uuid/_common.ts": "05c787c5735776c4e48e30294878332c39cb7738f50b209df4eb9f2b0facce4d",
    "https://deno.land/std@0.221.0/uuid/constants.ts": "eb6c96871e968adf3355507d7ae79adce71525fd6c1ca55c51d32ace0196d64e",
    "https://deno.land/std@0.221.0/uuid/mod.ts": "cefc8e2f77d9e493739c8dc4ec141b12b855414bf757e778bf9b00f783506b76",
    "https://deno.land/std@0.221.0/uuid/v1.ts": "cc45e7eb1d463d7d38b21a3c6e4de55ff98598ca442309321575fe841b323a54",
    "https://deno.land/std@0.221.0/uuid/v3.ts": "689f2d64a9460a75877a2eed94662d9cb31bedb890d72fce0d161ef47d66cc26",
    "https://deno.land/std@0.221.0/uuid/v4.ts": "1319a2eeff7259adda416ec5f7997ded80d3165ef0787012793fc8621c18c493",
    "https://deno.land/std@0.221.0/uuid/v5.ts": "75f76d9e53583572fe3d4893168530986222d439b1545b56d4493c6d5d1cd81d",
    "https://deno.land/std@0.222.0/assert/assert.ts": "09d30564c09de846855b7b071e62b5974b001bb72a4b797958fe0660e7849834",
    "https://deno.land/std@0.222.0/assert/assertion_error.ts": "ba8752bd27ebc51f723702fac2f54d3e94447598f54264a6653d6413738a8917",
    "https://deno.land/std@0.222.0/fmt/colors.ts": "d239d84620b921ea520125d778947881f62c50e78deef2657073840b8af9559a",
    "https://deno.land/std@0.222.0/fs/exists.ts": "3d38cb7dcbca3cf313be343a7b8af18a87bddb4b5ca1bd2314be12d06533b50f",
    "https://deno.land/std@0.222.0/io/write_all.ts": "24aac2312bb21096ae3ae0b102b22c26164d3249dff96dbac130958aa736f038",
    "https://deno.land/std@0.222.0/log/_config.ts": "489e11b6d3c917bf5fc954c5e914c095d3480efd924d1e85f2fc576468581c54",
    "https://deno.land/std@0.222.0/log/_state.ts": "314c0c31ab9c8f4fb33326ad446757d35f75e5bb21746b7720ed4e3f3a939da1",
    "https://deno.land/std@0.222.0/log/base_handler.ts": "7ef92c311ca446294df65a4f7954e90dd3f2d7697b60b29483cd4b5d0621bd97",
    "https://deno.land/std@0.222.0/log/console_handler.ts": "68106d43a081fd7b933b4b47f6e6f2964ced6cfd4519186dd1792a6251a25bf0",
    "https://deno.land/std@0.222.0/log/critical.ts": "a8b44a4c6768629d2a506ffe1a1a048da7ae76d3146000f8a492008eac4ecba0",
    "https://deno.land/std@0.222.0/log/debug.ts": "ddd63a549fedc3061deba47e41cd2170263831fc266e503a12b610b77439333b",
    "https://deno.land/std@0.222.0/log/error.ts": "3979ee3aadc962345ad50eff8a5470ad3fe07c70370808ddc178ee08c3d6c89c",
    "https://deno.land/std@0.222.0/log/file_handler.ts": "445884f2ed6b1b126a3a69c63ad2d30897113fef7a138950a744e59fd3c604a7",
    "https://deno.land/std@0.222.0/log/formatters.ts": "29e0325902c3b1cbb3b9ffc1f9d77ac2d2e5af35d27b9bdfe4fdbbd83588d4a8",
    "https://deno.land/std@0.222.0/log/get_logger.ts": "36a5febf5338f68aadafaf23bbe38a208e2a3150ec02ca2ec5d3c6bbaf840641",
    "https://deno.land/std@0.222.0/log/info.ts": "e6c4971e35092d85cd3241fe7eccdb42999083d14db6aadc5e741f6231e275ad",
    "https://deno.land/std@0.222.0/log/levels.ts": "632ba12baa2600750d004cc5cb4eabe10e410f3f2bdfcb9f7142b6d767f2fee6",
    "https://deno.land/std@0.222.0/log/logger.ts": "3bcd6235a273ea79a4886875e15ed218bff0342559f95789666d19bc61e3aee2",
    "https://deno.land/std@0.222.0/log/mod.ts": "650c53c2c5d9eb05210c4ec54184ecb5bd24fb32ce28e65fad039853978f53f3",
    "https://deno.land/std@0.222.0/log/rotating_file_handler.ts": "2e0a6e6064b2c8b0283871a1b5bbbb7f0799e58a127890e8f6b7d0aa07b3ca01",
    "https://deno.land/std@0.222.0/log/setup.ts": "42425c550da52c7def7f63a4fcc1ac01a4aec6c73336697a640978d6a324e7a6",
    "https://deno.land/std@0.222.0/log/warn.ts": "f1a6bc33a481f231a0257e6d66e26c2e695b931d5e917d8de4f2b825778dfd4e",
    "https://deno.land/std@0.224.0/collections/_utils.ts": "b2ec8ada31b5a72ebb1d99774b849b4c09fe4b3a38d07794bd010bd218a16e0b",
    "https://deno.land/std@0.224.0/collections/deep_merge.ts": "04f8d2a6cfa15c7580e788689bcb5e162512b9ccb18bab1241824b432a78551e",
    "https://deno.land/x/charmd@v0.1.2/deps.ts": "f484eb95784dd9615860a2c20ecf8a7261f761ae2274c71ba5f8a533d57e577a",
    "https://deno.land/x/charmd@v0.1.2/generator.ts": "e925e05df7abc17ab09b631b2b9cd468a4e61dea09f0e356bbf0b3b9a31a8396",
    "https://deno.land/x/charmd@v0.1.2/mdast-util-from-markdown@1_2_0-shimmed.js": "d849c879370e9d2ad34e6cb4791cc2777c33044642db0e117f2f9eb28a9e5a68",
    "https://deno.land/x/charmd@v0.1.2/mod.ts": "b28caed7cf54c99b844d643f2af380522351fb6ec8a6935d28379000fbc0417a",
    "https://deno.land/x/charmd@v0.1.2/renderer.ts": "2f149e7359b753832c5a81f9e0bbaec06ef003d571c6a89a57ea65d5b94eb927",
    "https://deno.land/x/charmd@v0.1.2/transformer.ts": "eedd83891b0a6fdc49952762f1ea0926867ebf245d1d43c89735942ebfcc717d",
    "https://deno.land/x/charmd@v0.1.2/utils.ts": "d6de98f183a7cdb4b1517bfbc719e38c4b827ff46a80b8fd4a699ba127e5083a",
    "https://deno.land/x/zod@v3.22.4/ZodError.ts": "4de18ff525e75a0315f2c12066b77b5c2ae18c7c15ef7df7e165d63536fdf2ea",
    "https://deno.land/x/zod@v3.22.4/errors.ts": "5285922d2be9700cc0c70c95e4858952b07ae193aa0224be3cbd5cd5567eabef",
    "https://deno.land/x/zod@v3.22.4/external.ts": "a6cfbd61e9e097d5f42f8a7ed6f92f93f51ff927d29c9fbaec04f03cbce130fe",
    "https://deno.land/x/zod@v3.22.4/helpers/enumUtil.ts": "54efc393cc9860e687d8b81ff52e980def00fa67377ad0bf8b3104f8a5bf698c",
    "https://deno.land/x/zod@v3.22.4/helpers/errorUtil.ts": "7a77328240be7b847af6de9189963bd9f79cab32bbc61502a9db4fe6683e2ea7",
    "https://deno.land/x/zod@v3.22.4/helpers/parseUtil.ts": "f791e6e65a0340d85ad37d26cd7a3ba67126cd9957eac2b7163162155283abb1",
    "https://deno.land/x/zod@v3.22.4/helpers/partialUtil.ts": "998c2fe79795257d4d1cf10361e74492f3b7d852f61057c7c08ac0a46488b7e7",
    "https://deno.land/x/zod@v3.22.4/helpers/typeAliases.ts": "0fda31a063c6736fc3cf9090dd94865c811dfff4f3cb8707b932bf937c6f2c3e",
    "https://deno.land/x/zod@v3.22.4/helpers/util.ts": "8baf19b19b2fca8424380367b90364b32503b6b71780269a6e3e67700bb02774",
    "https://deno.land/x/zod@v3.22.4/index.ts": "d27aabd973613985574bc31f39e45cb5d856aa122ef094a9f38a463b8ef1a268",
    "https://deno.land/x/zod@v3.22.4/locales/en.ts": "a7a25cd23563ccb5e0eed214d9b31846305ddbcdb9c5c8f508b108943366ab4c",
    "https://deno.land/x/zod@v3.22.4/mod.ts": "64e55237cb4410e17d968cd08975566059f27638ebb0b86048031b987ba251c4",
    "https://deno.land/x/zod@v3.22.4/types.ts": "724185522fafe43ee56a52333958764c8c8cd6ad4effa27b42651df873fc151e"
  }
}
